
Microsoft Visual Studio Solution File, Format Version 12.00
# Visual Studio 15
VisualStudioVersion = 15.0.28307.757
MinimumVisualStudioVersion = 10.0.40219.1
Project("{FAE04EC0-301F-11D3-BF4B-00C04F79EFBC}") = "ModbusIntegrator", "ModbusIntegrator.csproj", "{19501BDB-954A-4B83-8EA1-0EB26A9B9671}"
EndProject
Project("{FAE04EC0-301F-11D3-BF4B-00C04F79EFBC}") = "ModbusIntegratorTuning", "ModbusIntegratorTuning\ModbusIntegratorTuning.csproj", "{02ACE498-03A0-4270-88CF-6F57C67319E9}"
EndProject
Project("{FAE04EC0-301F-11D3-BF4B-00C04F79EFBC}") = "ModbusIntegratorEventClient", "ModbusIntegratorEventClient\ModbusIntegratorEventClient.csproj", "{995D0B87-8CCC-4B81-A63D-CFEE69366E5A}"
EndProject
Project("{FAE04EC0-301F-11D3-BF4B-00C04F79EFBC}") = "StatusControl", "StatusControl\StatusControl.csproj", "{0FD63A3B-8082-4F1F-8A0D-41ED224C6359}"
EndProject
Global
	GlobalSection(SolutionConfigurationPlatforms) = preSolution
		Debug|Any CPU = Debug|Any CPU
		Release|Any CPU = Release|Any CPU
	EndGlobalSection
	GlobalSection(ProjectConfigurationPlatforms) = postSolution
		{19501BDB-954A-4B83-8EA1-0EB26A9B9671}.Debug|Any CPU.ActiveCfg = Debug|Any CPU
		{19501BDB-954A-4B83-8EA1-0EB26A9B9671}.Debug|Any CPU.Build.0 = Debug|Any CPU
		{19501BDB-954A-4B83-8EA1-0EB26A9B9671}.Release|Any CPU.ActiveCfg = Release|Any CPU
		{19501BDB-954A-4B83-8EA1-0EB26A9B9671}.Release|Any CPU.Build.0 = Release|Any CPU
		{02ACE498-03A0-4270-88CF-6F57C67319E9}.Debug|Any CPU.ActiveCfg = Debug|Any CPU
		{02ACE498-03A0-4270-88CF-6F57C67319E9}.Debug|Any CPU.Build.0 = Debug|Any CPU
		{02ACE498-03A0-4270-88CF-6F57C67319E9}.Release|Any CPU.ActiveCfg = Release|Any CPU
		{02ACE498-03A0-4270-88CF-6F57C67319E9}.Release|Any CPU.Build.0 = Release|Any CPU
		{995D0B87-8CCC-4B81-A63D-CFEE69366E5A}.Debug|Any CPU.ActiveCfg = Debug|Any CPU
		{995D0B87-8CCC-4B81-A63D-CFEE69366E5A}.Debug|Any CPU.Build.0 = Debug|Any CPU
		{995D0B87-8CCC-4B81-A63D-CFEE69366E5A}.Release|Any CPU.ActiveCfg = Release|Any CPU
		{995D0B87-8CCC-4B81-A63D-CFEE69366E5A}.Release|Any CPU.Build.0 = Release|Any CPU
		{0FD63A3B-8082-4F1F-8A0D-41ED224C6359}.Debug|Any CPU.ActiveCfg = Debug|Any CPU
		{0FD63A3B-8082-4F1F-8A0D-41ED224C6359}.Debug|Any CPU.Build.0 = Debug|Any CPU
		{0FD63A3B-8082-4F1F-8A0D-41ED224C6359}.Release|Any CPU.ActiveCfg = Release|Any CPU
		{0FD63A3B-8082-4F1F-8A0D-41ED224C6359}.Release|Any CPU.Build.0 = Release|Any CPU
	EndGlobalSection
	GlobalSection(SolutionProperties) = preSolution
		HideSolutionNode = FALSE
	EndGlobalSection
	GlobalSection(ExtensibilityGlobals) = postSolution
		SolutionGuid = {88452D7B-BA6C-4EE6-900F-50822DD4893F}
	EndGlobalSection
EndGlobal
